
Microsoft Visual Studio Solution File, Format Version 12.00
# Visual Studio Version 17
VisualStudioVersion = 17.1.32210.238
MinimumVisualStudioVersion = 10.0.40219.1
Project("{9A19103F-16F7-4668-BE54-9A1E7A4F7556}") = "SimpleProjectManager.Module", "SimpleProjectManager.Module\SimpleProjectManager.Module.csproj", "{2BECF38B-0EE0-4935-B581-74572A9ED8CF}"
EndProject
Project("{9A19103F-16F7-4668-BE54-9A1E7A4F7556}") = "SimpleProjectManager.Blazor.Server", "SimpleProjectManager.Blazor.Server\SimpleProjectManager.Blazor.Server.csproj", "{01831360-6FDA-44C7-9327-ADBFE475CC71}"
EndProject
Global
	GlobalSection(SolutionConfigurationPlatforms) = preSolution
		Debug|Any CPU = Debug|Any CPU
		EasyTest|Any CPU = EasyTest|Any CPU
		Release|Any CPU = Release|Any CPU
	EndGlobalSection
	GlobalSection(ProjectConfigurationPlatforms) = postSolution
		{2BECF38B-0EE0-4935-B581-74572A9ED8CF}.Debug|Any CPU.ActiveCfg = Debug|Any CPU
		{2BECF38B-0EE0-4935-B581-74572A9ED8CF}.Debug|Any CPU.Build.0 = Debug|Any CPU
		{2BECF38B-0EE0-4935-B581-74572A9ED8CF}.EasyTest|Any CPU.ActiveCfg = EasyTest|Any CPU
		{2BECF38B-0EE0-4935-B581-74572A9ED8CF}.EasyTest|Any CPU.Build.0 = EasyTest|Any CPU
		{2BECF38B-0EE0-4935-B581-74572A9ED8CF}.Release|Any CPU.ActiveCfg = Release|Any CPU
		{2BECF38B-0EE0-4935-B581-74572A9ED8CF}.Release|Any CPU.Build.0 = Release|Any CPU
		{01831360-6FDA-44C7-9327-ADBFE475CC71}.Debug|Any CPU.ActiveCfg = Debug|Any CPU
		{01831360-6FDA-44C7-9327-ADBFE475CC71}.Debug|Any CPU.Build.0 = Debug|Any CPU
		{01831360-6FDA-44C7-9327-ADBFE475CC71}.EasyTest|Any CPU.ActiveCfg = EasyTest|Any CPU
		{01831360-6FDA-44C7-9327-ADBFE475CC71}.EasyTest|Any CPU.Build.0 = EasyTest|Any CPU
		{01831360-6FDA-44C7-9327-ADBFE475CC71}.Release|Any CPU.ActiveCfg = Release|Any CPU
		{01831360-6FDA-44C7-9327-ADBFE475CC71}.Release|Any CPU.Build.0 = Release|Any CPU
	EndGlobalSection
	GlobalSection(SolutionProperties) = preSolution
		HideSolutionNode = FALSE
	EndGlobalSection
	GlobalSection(ExtensibilityGlobals) = postSolution
		SolutionGuid = {C26C1E9A-B8FB-4C81-950A-93BB829F7891}
	EndGlobalSection
EndGlobal
